
Microsoft Visual Studio Solution File, Format Version 12.00
# Visual Studio Version 17
VisualStudioVersion = 17.10.35004.147
MinimumVisualStudioVersion = 10.0.40219.1
Project("{FAE04EC0-301F-11D3-BF4B-00C04F79EFBC}") = "BidderMicroservice", "BidderMicroservice\BidderMicroservice.csproj", "{4BCE8097-D6BD-4DD6-9439-FFC08719CCC0}"
EndProject
Global
	GlobalSection(SolutionConfigurationPlatforms) = preSolution
		Debug|Any CPU = Debug|Any CPU
		Release|Any CPU = Release|Any CPU
	EndGlobalSection
	GlobalSection(ProjectConfigurationPlatforms) = postSolution
		{4BCE8097-D6BD-4DD6-9439-FFC08719CCC0}.Debug|Any CPU.ActiveCfg = Debug|Any CPU
		{4BCE8097-D6BD-4DD6-9439-FFC08719CCC0}.Debug|Any CPU.Build.0 = Debug|Any CPU
		{4BCE8097-D6BD-4DD6-9439-FFC08719CCC0}.Release|Any CPU.ActiveCfg = Release|Any CPU
		{4BCE8097-D6BD-4DD6-9439-FFC08719CCC0}.Release|Any CPU.Build.0 = Release|Any CPU
	EndGlobalSection
	GlobalSection(SolutionProperties) = preSolution
		HideSolutionNode = FALSE
	EndGlobalSection
	GlobalSection(ExtensibilityGlobals) = postSolution
		SolutionGuid = {5FB160F6-BB5A-41EC-A2E1-04457D7F1955}
	EndGlobalSection
EndGlobal
